
Microsoft Visual Studio Solution File, Format Version 12.00
# Visual Studio Version 16
VisualStudioVersion = 16.0.30711.63
MinimumVisualStudioVersion = 10.0.40219.1
Project("{9A19103F-16F7-4668-BE54-9A1E7A4F7556}") = "eveindustry", "Eveindustry\Eveindustry.csproj", "{9BA54CDC-3B28-43FA-AD52-D2447B66FFB4}"
EndProject
Project("{2150E333-8FDC-42A3-9474-1A3956D46DE8}") = "Solution Items", "Solution Items", "{08C8FF1A-3CF5-4405-82AF-48B7ACB4E867}"
	ProjectSection(SolutionItems) = preProject
		.editorconfig = .editorconfig
	EndProjectSection
EndProject
Project("{FAE04EC0-301F-11D3-BF4B-00C04F79EFBC}") = "Eveindustry.Tests", "Eveindustry.Tests\Eveindustry.Tests.csproj", "{2D843D10-18E8-4C83-BA97-E9FE416B2EBC}"
EndProject
Global
	GlobalSection(SolutionConfigurationPlatforms) = preSolution
		Debug|Any CPU = Debug|Any CPU
		Release|Any CPU = Release|Any CPU
	EndGlobalSection
	GlobalSection(ProjectConfigurationPlatforms) = postSolution
		{9BA54CDC-3B28-43FA-AD52-D2447B66FFB4}.Debug|Any CPU.ActiveCfg = Debug|Any CPU
		{9BA54CDC-3B28-43FA-AD52-D2447B66FFB4}.Debug|Any CPU.Build.0 = Debug|Any CPU
		{9BA54CDC-3B28-43FA-AD52-D2447B66FFB4}.Release|Any CPU.ActiveCfg = Release|Any CPU
		{9BA54CDC-3B28-43FA-AD52-D2447B66FFB4}.Release|Any CPU.Build.0 = Release|Any CPU
		{2D843D10-18E8-4C83-BA97-E9FE416B2EBC}.Debug|Any CPU.ActiveCfg = Debug|Any CPU
		{2D843D10-18E8-4C83-BA97-E9FE416B2EBC}.Debug|Any CPU.Build.0 = Debug|Any CPU
		{2D843D10-18E8-4C83-BA97-E9FE416B2EBC}.Release|Any CPU.ActiveCfg = Release|Any CPU
		{2D843D10-18E8-4C83-BA97-E9FE416B2EBC}.Release|Any CPU.Build.0 = Release|Any CPU
	EndGlobalSection
	GlobalSection(SolutionProperties) = preSolution
		HideSolutionNode = FALSE
	EndGlobalSection
	GlobalSection(ExtensibilityGlobals) = postSolution
		SolutionGuid = {5E02C690-F34E-4034-B4A6-B53F77A3D6B9}
	EndGlobalSection
EndGlobal
